// !$*UTF8*$!
{
	archiveVersion = 1;
	classes = {
	};
	objectVersion = 46;
	objects = {

/* Begin PBXBuildFile section */
		D4A0B09216777E1900DE89FD /* SMBar.m in Sources */ = {isa = PBXBuildFile; fileRef = D4C4A8B115750E6400405F8B /* SMBar.m */; };
		D4A0B09316777E1900DE89FD /* SMTabBarItem.m in Sources */ = {isa = PBXBuildFile; fileRef = D4EA424A14DC0B4F00FE05D9 /* SMTabBarItem.m */; };
		D4A0B09416777E1900DE89FD /* SMTabBar.m in Sources */ = {isa = PBXBuildFile; fileRef = D460AE5614D68A49001B8775 /* SMTabBar.m */; };
		D4A0B09516777E1900DE89FD /* SMTabBarButtonCell.m in Sources */ = {isa = PBXBuildFile; fileRef = D4EA426214DCA42000FE05D9 /* SMTabBarButtonCell.m */; };
		D4A0B09616777E1900DE89FD /* NSDictionary+SMKeyValueObserving.m in Sources */ = {isa = PBXBuildFile; fileRef = D4EA424E14DC10A200FE05D9 /* NSDictionary+SMKeyValueObserving.m */; };
		D4EC7D9E16777C7800DACEBA /* Cocoa.framework in Frameworks */ = {isa = PBXBuildFile; fileRef = D460AE3814D6896E001B8775 /* Cocoa.framework */; };
		D4EC7DA416777C7800DACEBA /* InfoPlist.strings in Resources */ = {isa = PBXBuildFile; fileRef = D4EC7DA216777C7800DACEBA /* InfoPlist.strings */; };
		D4EC7DA616777C7800DACEBA /* main.m in Sources */ = {isa = PBXBuildFile; fileRef = D4EC7DA516777C7800DACEBA /* main.m */; };
		D4EC7DAA16777C7800DACEBA /* Credits.rtf in Resources */ = {isa = PBXBuildFile; fileRef = D4EC7DA816777C7800DACEBA /* Credits.rtf */; };
		D4EC7DAD16777C7800DACEBA /* SMAppDelegate.m in Sources */ = {isa = PBXBuildFile; fileRef = D4EC7DAC16777C7800DACEBA /* SMAppDelegate.m */; };
		D4EC7DB016777C7800DACEBA /* MainMenu.xib in Resources */ = {isa = PBXBuildFile; fileRef = D4EC7DAE16777C7800DACEBA /* MainMenu.xib */; };
		D4EC7DB816777CAF00DACEBA /* Image1.png in Resources */ = {isa = PBXBuildFile; fileRef = D4EC7DB616777CAF00DACEBA /* Image1.png */; };
		D4EC7DB916777CAF00DACEBA /* Image2.png in Resources */ = {isa = PBXBuildFile; fileRef = D4EC7DB716777CAF00DACEBA /* Image2.png */; };
/* End PBXBuildFile section */

/* Begin PBXFileReference section */
		D460AE3814D6896E001B8775 /* Cocoa.framework */ = {isa = PBXFileReference; lastKnownFileType = wrapper.framework; name = Cocoa.framework; path = System/Library/Frameworks/Cocoa.framework; sourceTree = SDKROOT; };
		D460AE3B14D6896E001B8775 /* AppKit.framework */ = {isa = PBXFileReference; lastKnownFileType = wrapper.framework; name = AppKit.framework; path = System/Library/Frameworks/AppKit.framework; sourceTree = SDKROOT; };
		D460AE3C14D6896E001B8775 /* CoreData.framework */ = {isa = PBXFileReference; lastKnownFileType = wrapper.framework; name = CoreData.framework; path = System/Library/Frameworks/CoreData.framework; sourceTree = SDKROOT; };
		D460AE3D14D6896E001B8775 /* Foundation.framework */ = {isa = PBXFileReference; lastKnownFileType = wrapper.framework; name = Foundation.framework; path = System/Library/Frameworks/Foundation.framework; sourceTree = SDKROOT; };
		D460AE5514D68A49001B8775 /* SMTabBar.h */ = {isa = PBXFileReference; fileEncoding = 4; lastKnownFileType = sourcecode.c.h; path = SMTabBar.h; sourceTree = "<group>"; };
		D460AE5614D68A49001B8775 /* SMTabBar.m */ = {isa = PBXFileReference; fileEncoding = 4; lastKnownFileType = sourcecode.c.objc; path = SMTabBar.m; sourceTree = "<group>"; };
		D4C4A8B015750E6400405F8B /* SMBar.h */ = {isa = PBXFileReference; fileEncoding = 4; lastKnownFileType = sourcecode.c.h; path = SMBar.h; sourceTree = "<group>"; };
		D4C4A8B115750E6400405F8B /* SMBar.m */ = {isa = PBXFileReference; fileEncoding = 4; lastKnownFileType = sourcecode.c.objc; path = SMBar.m; sourceTree = "<group>"; };
		D4EA424914DC0B4F00FE05D9 /* SMTabBarItem.h */ = {isa = PBXFileReference; fileEncoding = 4; lastKnownFileType = sourcecode.c.h; path = SMTabBarItem.h; sourceTree = "<group>"; };
		D4EA424A14DC0B4F00FE05D9 /* SMTabBarItem.m */ = {isa = PBXFileReference; fileEncoding = 4; lastKnownFileType = sourcecode.c.objc; path = SMTabBarItem.m; sourceTree = "<group>"; };
		D4EA424D14DC10A200FE05D9 /* NSDictionary+SMKeyValueObserving.h */ = {isa = PBXFileReference; fileEncoding = 4; lastKnownFileType = sourcecode.c.h; path = "NSDictionary+SMKeyValueObserving.h"; sourceTree = "<group>"; };
		D4EA424E14DC10A200FE05D9 /* NSDictionary+SMKeyValueObserving.m */ = {isa = PBXFileReference; fileEncoding = 4; lastKnownFileType = sourcecode.c.objc; path = "NSDictionary+SMKeyValueObserving.m"; sourceTree = "<group>"; };
		D4EA426114DCA41F00FE05D9 /* SMTabBarButtonCell.h */ = {isa = PBXFileReference; fileEncoding = 4; lastKnownFileType = sourcecode.c.h; path = SMTabBarButtonCell.h; sourceTree = "<group>"; };
		D4EA426214DCA42000FE05D9 /* SMTabBarButtonCell.m */ = {isa = PBXFileReference; fileEncoding = 4; lastKnownFileType = sourcecode.c.objc; path = SMTabBarButtonCell.m; sourceTree = "<group>"; };
		D4EC7D9C16777C7800DACEBA /* InspectorTabBarDemo.app */ = {isa = PBXFileReference; explicitFileType = wrapper.application; includeInIndex = 0; path = InspectorTabBarDemo.app; sourceTree = BUILT_PRODUCTS_DIR; };
		D4EC7DA116777C7800DACEBA /* InspectorTabBarDemo-Info.plist */ = {isa = PBXFileReference; lastKnownFileType = text.plist.xml; path = "InspectorTabBarDemo-Info.plist"; sourceTree = "<group>"; };
		D4EC7DA316777C7800DACEBA /* en */ = {isa = PBXFileReference; lastKnownFileType = text.plist.strings; name = en; path = en.lproj/InfoPlist.strings; sourceTree = "<group>"; };
		D4EC7DA516777C7800DACEBA /* main.m */ = {isa = PBXFileReference; lastKnownFileType = sourcecode.c.objc; path = main.m; sourceTree = "<group>"; };
		D4EC7DA716777C7800DACEBA /* InspectorTabBarDemo-Prefix.pch */ = {isa = PBXFileReference; lastKnownFileType = sourcecode.c.h; path = "InspectorTabBarDemo-Prefix.pch"; sourceTree = "<group>"; };
		D4EC7DA916777C7800DACEBA /* en */ = {isa = PBXFileReference; lastKnownFileType = text.rtf; name = en; path = en.lproj/Credits.rtf; sourceTree = "<group>"; };
		D4EC7DAB16777C7800DACEBA /* SMAppDelegate.h */ = {isa = PBXFileReference; lastKnownFileType = sourcecode.c.h; path = SMAppDelegate.h; sourceTree = "<group>"; };
		D4EC7DAC16777C7800DACEBA /* SMAppDelegate.m */ = {isa = PBXFileReference; lastKnownFileType = sourcecode.c.objc; path = SMAppDelegate.m; sourceTree = "<group>"; };
		D4EC7DAF16777C7800DACEBA /* en */ = {isa = PBXFileReference; lastKnownFileType = file.xib; name = en; path = en.lproj/MainMenu.xib; sourceTree = "<group>"; };
		D4EC7DB616777CAF00DACEBA /* Image1.png */ = {isa = PBXFileReference; lastKnownFileType = image.png; path = Image1.png; sourceTree = "<group>"; };
		D4EC7DB716777CAF00DACEBA /* Image2.png */ = {isa = PBXFileReference; lastKnownFileType = image.png; path = Image2.png; sourceTree = "<group>"; };
/* End PBXFileReference section */

/* Begin PBXFrameworksBuildPhase section */
		D4EC7D9916777C7800DACEBA /* Frameworks */ = {
			isa = PBXFrameworksBuildPhase;
			buildActionMask = 2147483647;
			files = (
				D4EC7D9E16777C7800DACEBA /* Cocoa.framework in Frameworks */,
			);
			runOnlyForDeploymentPostprocessing = 0;
		};
/* End PBXFrameworksBuildPhase section */

/* Begin PBXGroup section */
		D460AE2914D6896E001B8775 = {
			isa = PBXGroup;
			children = (
				D460AE3E14D6896E001B8775 /* InspectorTabBar */,
				D4EC7D9F16777C7800DACEBA /* InspectorTabBarDemo */,
				D460AE3714D6896E001B8775 /* Frameworks */,
				D460AE3514D6896E001B8775 /* Products */,
			);
			sourceTree = "<group>";
		};
		D460AE3514D6896E001B8775 /* Products */ = {
			isa = PBXGroup;
			children = (
				D4EC7D9C16777C7800DACEBA /* InspectorTabBarDemo.app */,
			);
			name = Products;
			sourceTree = "<group>";
		};
		D460AE3714D6896E001B8775 /* Frameworks */ = {
			isa = PBXGroup;
			children = (
				D460AE3814D6896E001B8775 /* Cocoa.framework */,
				D460AE3A14D6896E001B8775 /* Other Frameworks */,
			);
			name = Frameworks;
			sourceTree = "<group>";
		};
		D460AE3A14D6896E001B8775 /* Other Frameworks */ = {
			isa = PBXGroup;
			children = (
				D460AE3B14D6896E001B8775 /* AppKit.framework */,
				D460AE3C14D6896E001B8775 /* CoreData.framework */,
				D460AE3D14D6896E001B8775 /* Foundation.framework */,
			);
			name = "Other Frameworks";
			sourceTree = "<group>";
		};
		D460AE3E14D6896E001B8775 /* InspectorTabBar */ = {
			isa = PBXGroup;
			children = (
				D4C4A8B015750E6400405F8B /* SMBar.h */,
				D4C4A8B115750E6400405F8B /* SMBar.m */,
				D4EA424914DC0B4F00FE05D9 /* SMTabBarItem.h */,
				D4EA424A14DC0B4F00FE05D9 /* SMTabBarItem.m */,
				D460AE5514D68A49001B8775 /* SMTabBar.h */,
				D460AE5614D68A49001B8775 /* SMTabBar.m */,
				D4EA426114DCA41F00FE05D9 /* SMTabBarButtonCell.h */,
				D4EA426214DCA42000FE05D9 /* SMTabBarButtonCell.m */,
				D4EA424D14DC10A200FE05D9 /* NSDictionary+SMKeyValueObserving.h */,
				D4EA424E14DC10A200FE05D9 /* NSDictionary+SMKeyValueObserving.m */,
			);
			path = InspectorTabBar;
			sourceTree = "<group>";
		};
		D4EC7D9F16777C7800DACEBA /* InspectorTabBarDemo */ = {
			isa = PBXGroup;
			children = (
				D4EC7DB516777C9200DACEBA /* Images */,
				D4EC7DAB16777C7800DACEBA /* SMAppDelegate.h */,
				D4EC7DAC16777C7800DACEBA /* SMAppDelegate.m */,
				D4EC7DAE16777C7800DACEBA /* MainMenu.xib */,
				D4EC7DA016777C7800DACEBA /* Supporting Files */,
			);
			path = InspectorTabBarDemo;
			sourceTree = "<group>";
		};
		D4EC7DA016777C7800DACEBA /* Supporting Files */ = {
			isa = PBXGroup;
			children = (
				D4EC7DA116777C7800DACEBA /* InspectorTabBarDemo-Info.plist */,
				D4EC7DA216777C7800DACEBA /* InfoPlist.strings */,
				D4EC7DA516777C7800DACEBA /* main.m */,
				D4EC7DA716777C7800DACEBA /* InspectorTabBarDemo-Prefix.pch */,
				D4EC7DA816777C7800DACEBA /* Credits.rtf */,
			);
			name = "Supporting Files";
			sourceTree = "<group>";
		};
		D4EC7DB516777C9200DACEBA /* Images */ = {
			isa = PBXGroup;
			children = (
				D4EC7DB616777CAF00DACEBA /* Image1.png */,
				D4EC7DB716777CAF00DACEBA /* Image2.png */,
			);
			path = Images;
			sourceTree = "<group>";
		};
/* End PBXGroup section */

/* Begin PBXNativeTarget section */
		D4EC7D9B16777C7800DACEBA /* InspectorTabBarDemo */ = {
			isa = PBXNativeTarget;
			buildConfigurationList = D4EC7DB316777C7800DACEBA /* Build configuration list for PBXNativeTarget "InspectorTabBarDemo" */;
			buildPhases = (
				D4EC7D9816777C7800DACEBA /* Sources */,
				D4EC7D9916777C7800DACEBA /* Frameworks */,
				D4EC7D9A16777C7800DACEBA /* Resources */,
			);
			buildRules = (
			);
			dependencies = (
			);
			name = InspectorTabBarDemo;
			productName = InspectorTabBarDemo;
			productReference = D4EC7D9C16777C7800DACEBA /* InspectorTabBarDemo.app */;
			productType = "com.apple.product-type.application";
		};
/* End PBXNativeTarget section */

/* Begin PBXProject section */
		D460AE2B14D6896E001B8775 /* Project object */ = {
			isa = PBXProject;
			attributes = {
				LastUpgradeCheck = 0420;
				ORGANIZATIONNAME = "Stephan Michels Softwareentwicklung und Beratung";
			};
			buildConfigurationList = D460AE2E14D6896E001B8775 /* Build configuration list for PBXProject "InspectorTabBar" */;
			compatibilityVersion = "Xcode 3.2";
			developmentRegion = English;
			hasScannedForEncodings = 0;
			knownRegions = (
				en,
			);
			mainGroup = D460AE2914D6896E001B8775;
			productRefGroup = D460AE3514D6896E001B8775 /* Products */;
			projectDirPath = "";
			projectRoot = "";
			targets = (
				D4EC7D9B16777C7800DACEBA /* InspectorTabBarDemo */,
			);
		};
/* End PBXProject section */

/* Begin PBXResourcesBuildPhase section */
		D4EC7D9A16777C7800DACEBA /* Resources */ = {
			isa = PBXResourcesBuildPhase;
			buildActionMask = 2147483647;
			files = (
				D4EC7DA416777C7800DACEBA /* InfoPlist.strings in Resources */,
				D4EC7DAA16777C7800DACEBA /* Credits.rtf in Resources */,
				D4EC7DB016777C7800DACEBA /* MainMenu.xib in Resources */,
				D4EC7DB816777CAF00DACEBA /* Image1.png in Resources */,
				D4EC7DB916777CAF00DACEBA /* Image2.png in Resources */,
			);
			runOnlyForDeploymentPostprocessing = 0;
		};
/* End PBXResourcesBuildPhase section */

/* Begin PBXSourcesBuildPhase section */
		D4EC7D9816777C7800DACEBA /* Sources */ = {
			isa = PBXSourcesBuildPhase;
			buildActionMask = 2147483647;
			files = (
				D4EC7DA616777C7800DACEBA /* main.m in Sources */,
				D4EC7DAD16777C7800DACEBA /* SMAppDelegate.m in Sources */,
				D4A0B09216777E1900DE89FD /* SMBar.m in Sources */,
				D4A0B09316777E1900DE89FD /* SMTabBarItem.m in Sources */,
				D4A0B09416777E1900DE89FD /* SMTabBar.m in Sources */,
				D4A0B09516777E1900DE89FD /* SMTabBarButtonCell.m in Sources */,
				D4A0B09616777E1900DE89FD /* NSDictionary+SMKeyValueObserving.m in Sources */,
			);
			runOnlyForDeploymentPostprocessing = 0;
		};
/* End PBXSourcesBuildPhase section */

/* Begin PBXVariantGroup section */
		D4EC7DA216777C7800DACEBA /* InfoPlist.strings */ = {
			isa = PBXVariantGroup;
			children = (
				D4EC7DA316777C7800DACEBA /* en */,
			);
			name = InfoPlist.strings;
			sourceTree = "<group>";
		};
		D4EC7DA816777C7800DACEBA /* Credits.rtf */ = {
			isa = PBXVariantGroup;
			children = (
				D4EC7DA916777C7800DACEBA /* en */,
			);
			name = Credits.rtf;
			sourceTree = "<group>";
		};
		D4EC7DAE16777C7800DACEBA /* MainMenu.xib */ = {
			isa = PBXVariantGroup;
			children = (
				D4EC7DAF16777C7800DACEBA /* en */,
			);
			name = MainMenu.xib;
			sourceTree = "<group>";
		};
/* End PBXVariantGroup section */

/* Begin XCBuildConfiguration section */
		D460AE5014D6896E001B8775 /* Debug */ = {
			isa = XCBuildConfiguration;
			buildSettings = {
				ALWAYS_SEARCH_USER_PATHS = NO;
				ARCHS = "$(ARCHS_STANDARD_64_BIT)";
				COPY_PHASE_STRIP = NO;
				GCC_C_LANGUAGE_STANDARD = gnu99;
				GCC_DYNAMIC_NO_PIC = NO;
				GCC_ENABLE_OBJC_EXCEPTIONS = YES;
				GCC_OPTIMIZATION_LEVEL = 0;
				GCC_PREPROCESSOR_DEFINITIONS = (
					"DEBUG=1",
					"$(inherited)",
				);
				GCC_SYMBOLS_PRIVATE_EXTERN = NO;
				GCC_VERSION = com.apple.compilers.llvm.clang.1_0;
				GCC_WARN_64_TO_32_BIT_CONVERSION = YES;
				GCC_WARN_ABOUT_MISSING_PROTOTYPES = YES;
				GCC_WARN_ABOUT_RETURN_TYPE = YES;
				GCC_WARN_UNUSED_VARIABLE = YES;
				MACOSX_DEPLOYMENT_TARGET = 10.7;
				ONLY_ACTIVE_ARCH = YES;
				SDKROOT = macosx;
			};
			name = Debug;
		};
		D460AE5114D6896E001B8775 /* Release */ = {
			isa = XCBuildConfiguration;
			buildSettings = {
				ALWAYS_SEARCH_USER_PATHS = NO;
				ARCHS = "$(ARCHS_STANDARD_64_BIT)";
				COPY_PHASE_STRIP = YES;
				DEBUG_INFORMATION_FORMAT = "dwarf-with-dsym";
				GCC_C_LANGUAGE_STANDARD = gnu99;
				GCC_ENABLE_OBJC_EXCEPTIONS = YES;
				GCC_VERSION = com.apple.compilers.llvm.clang.1_0;
				GCC_WARN_64_TO_32_BIT_CONVERSION = YES;
				GCC_WARN_ABOUT_MISSING_PROTOTYPES = YES;
				GCC_WARN_ABOUT_RETURN_TYPE = YES;
				GCC_WARN_UNUSED_VARIABLE = YES;
				MACOSX_DEPLOYMENT_TARGET = 10.7;
				SDKROOT = macosx;
			};
			name = Release;
		};
		D4EC7DB116777C7800DACEBA /* Debug */ = {
			isa = XCBuildConfiguration;
			buildSettings = {
				CLANG_CXX_LANGUAGE_STANDARD = "gnu++0x";
				CLANG_CXX_LIBRARY = "libc++";
				CLANG_ENABLE_OBJC_ARC = YES;
				CLANG_WARN_EMPTY_BODY = YES;
				CLANG_WARN__DUPLICATE_METHOD_MATCH = YES;
				COMBINE_HIDPI_IMAGES = YES;
				GCC_PRECOMPILE_PREFIX_HEADER = YES;
				GCC_PREFIX_HEADER = "InspectorTabBarDemo/InspectorTabBarDemo-Prefix.pch";
				GCC_WARN_UNINITIALIZED_AUTOS = YES;
				INFOPLIST_FILE = "InspectorTabBarDemo/InspectorTabBarDemo-Info.plist";
				MACOSX_DEPLOYMENT_TARGET = 10.8;
				PRODUCT_NAME = "$(TARGET_NAME)";
				WRAPPER_EXTENSION = app;
			};
			name = Debug;
		};
		D4EC7DB216777C7800DACEBA /* Release */ = {
			isa = XCBuildConfiguration;
			buildSettings = {
				CLANG_CXX_LANGUAGE_STANDARD = "gnu++0x";
				CLANG_CXX_LIBRARY = "libc++";
				CLANG_ENABLE_OBJC_ARC = YES;
				CLANG_WARN_EMPTY_BODY = YES;
				CLANG_WARN__DUPLICATE_METHOD_MATCH = YES;
				COMBINE_HIDPI_IMAGES = YES;
				GCC_PRECOMPILE_PREFIX_HEADER = YES;
				GCC_PREFIX_HEADER = "InspectorTabBarDemo/InspectorTabBarDemo-Prefix.pch";
				GCC_WARN_UNINITIALIZED_AUTOS = YES;
				INFOPLIST_FILE = "InspectorTabBarDemo/InspectorTabBarDemo-Info.plist";
				MACOSX_DEPLOYMENT_TARGET = 10.8;
				PRODUCT_NAME = "$(TARGET_NAME)";
				WRAPPER_EXTENSION = app;
			};
			name = Release;
		};
/* End XCBuildConfiguration section */

/* Begin XCConfigurationList section */
		D460AE2E14D6896E001B8775 /* Build configuration list for PBXProject "InspectorTabBar" */ = {
			isa = XCConfigurationList;
			buildConfigurations = (
				D460AE5014D6896E001B8775 /* Debug */,
				D460AE5114D6896E001B8775 /* Release */,
			);
			defaultConfigurationIsVisible = 0;
			defaultConfigurationName = Release;
		};
		D4EC7DB316777C7800DACEBA /* Build configuration list for PBXNativeTarget "InspectorTabBarDemo" */ = {
			isa = XCConfigurationList;
			buildConfigurations = (
				D4EC7DB116777C7800DACEBA /* Debug */,
				D4EC7DB216777C7800DACEBA /* Release */,
			);
			defaultConfigurationIsVisible = 0;
			defaultConfigurationName = Release;
		};
/* End XCConfigurationList section */
	};
	rootObject = D460AE2B14D6896E001B8775 /* Project object */;
}
